{
  "name": "corsair-app-project",
  "version": "0.1.0",
  "lockfileVersion": 3,
  "requires": true,
  "packages": {
    "": {
      "name": "corsair-app-project",
      "version": "0.1.0",
      "dependencies": {
        "@corsair-dev/app": "^0.1.5"
      }
    },
    "node_modules/@corsair-dev/app": {
      "version": "0.1.5",
      "resolved": "https://registry.npmjs.org/@corsair-dev/app/-/app-0.1.5.tgz",
      "integrity": "sha512-Rm5+3LI57DpNHvuznogWpsCMW6eiIhxdIRsaqrJf/d/MBsEoAT5ReH0WCLp/RzxckrbpIDUMNNPxM6kTvTNJ7g==",
      "dependencies": {
        "zod": "^4.1.13"
      }
    },
    "node_modules/zod": {
      "version": "4.4.3",
      "resolved": "https://registry.npmjs.org/zod/-/zod-4.4.3.tgz",
      "integrity": "sha512-ytENFjIJFl2UwYglde2jchW2Hwm4GJFLDiSXWdTrJQBIN9Fcyp7n4DhxJEiWNAJMV1/BqWfW/kkg71UDcHJyTQ==",
      "license": "MIT",
      "funding": {
        "url": "https://github.com/sponsors/colinhacks"
      }
    }
  }
}
